{
    "_readme": [
        "This file locks the dependencies of your project to a known state",
        "Read more about it at https://getcomposer.org/doc/01-basic-usage.md#installing-dependencies",
        "This file is @generated automatically"
    ],
    "content-hash": "87fb9bc57d3b0f73dffe272cb16b041a",
    "packages": [
        {
            "name": "hashids/hashids",
            "version": "2.0.4",
            "source": {
                "type": "git",
                "url": "https://github.com/ivanakimov/hashids.php.git",
                "reference": "7a945a5192d4a5c8888364970feece9bc26179df"
            },
            "dist": {
                "type": "zip",
                "url": "https://api.github.com/repos/ivanakimov/hashids.php/zipball/7a945a5192d4a5c8888364970feece9bc26179df",
                "reference": "7a945a5192d4a5c8888364970feece9bc26179df",
                "shasum": ""
            },
            "require": {
                "php": "^5.6.4 || ^7.0"
            },
            "require-dev": {
                "phpunit/phpunit": "^5.7 || ^6.3"
            },
            "suggest": {
                "ext-bcmatch": "Required to use BC Math arbitrary precision mathematics (*).",
                "ext-gmp": "Required to use GNU multiple precision mathematics (*)."
            },
            "type": "library",
            "extra": {
                "branch-alias": {
                    "dev-master": "2.1-dev"
                }
            },
            "autoload": {
                "psr-4": {
                    "Hashids\\": "src/"
                }
            },
            "notification-url": "https://packagist.org/downloads/",
            "license": [
                "MIT"
            ],
            "authors": [
                {
                    "name": "Ivan Akimov",
                    "email": "ivan@barreleye.com",
                    "homepage": "https://twitter.com/IvanAkimov"
                },
                {
                    "name": "Vincent Klaiber",
                    "email": "hello@vinkla.com",
                    "homepage": "https://vinkla.com"
                }
            ],
            "description": "Generate short, unique, non-sequential ids (like YouTube and Bitly) from numbers",
            "homepage": "http://hashids.org/php",
            "keywords": [
                "bitly",
                "decode",
                "encode",
                "hash",
                "hashid",
                "hashids",
                "ids",
                "obfuscate",
                "youtube"
            ],
            "time": "2017-10-28T11:24:20+00:00"
        },
        {
            "name": "phalcon/incubator",
            "version": "v1.3.5",
            "source": {
                "type": "git",
                "url": "https://github.com/phalcon/incubator.git",
                "reference": "41383027bcf970f3ac194fcb46ef269dc0fa4cbd"
            },
            "dist": {
                "type": "zip",
                "url": "https://api.github.com/repos/phalcon/incubator/zipball/41383027bcf970f3ac194fcb46ef269dc0fa4cbd",
                "reference": "41383027bcf970f3ac194fcb46ef269dc0fa4cbd",
                "shasum": ""
            },
            "require": {
                "ext-phalcon": ">=1.2.4",
                "php": ">=5.3.6",
                "swiftmailer/swiftmailer": ">=5.2"
            },
            "require-dev": {
                "codeception/codeception": "*",
                "php-mock/php-mock": "<0.6",
                "phpunit/phpunit": "4.5.*",
                "squizlabs/php_codesniffer": "2.*"
            },
            "type": "library",
            "autoload": {
                "psr-0": {
                    "Phalcon": "Library/"
                }
            },
            "notification-url": "https://packagist.org/downloads/",
            "license": [
                "BSD-3"
            ],
            "authors": [
                {
                    "name": "Phalcon Team",
                    "email": "team@phalconphp.com"
                }
            ],
            "description": "Adapters, prototypes or functionality that can be potentially incorporated to the C-framework.",
            "homepage": "http://phalconphp.com",
            "keywords": [
                "framework",
                "phalcon"
            ],
            "time": "2015-05-06T18:08:48+00:00"
        },
        {
            "name": "swiftmailer/swiftmailer",
            "version": "v5.4.12",
            "source": {
                "type": "git",
                "url": "https://github.com/swiftmailer/swiftmailer.git",
                "reference": "181b89f18a90f8925ef805f950d47a7190e9b950"
            },
            "dist": {
                "type": "zip",
                "url": "https://api.github.com/repos/swiftmailer/swiftmailer/zipball/181b89f18a90f8925ef805f950d47a7190e9b950",
                "reference": "181b89f18a90f8925ef805f950d47a7190e9b950",
                "shasum": ""
            },
            "require": {
                "php": ">=5.3.3"
            },
            "require-dev": {
                "mockery/mockery": "~0.9.1",
                "symfony/phpunit-bridge": "~3.2"
            },
            "type": "library",
            "extra": {
                "branch-alias": {
                    "dev-master": "5.4-dev"
                }
            },
            "autoload": {
                "files": [
                    "lib/swift_required.php"
                ]
            },
            "notification-url": "https://packagist.org/downloads/",
            "license": [
                "MIT"
            ],
            "authors": [
                {
                    "name": "Chris Corbyn"
                },
                {
                    "name": "Fabien Potencier",
                    "email": "fabien@symfony.com"
                }
            ],
            "description": "Swiftmailer, free feature-rich PHP mailer",
            "homepage": "https://swiftmailer.symfony.com",
            "keywords": [
                "email",
                "mail",
                "mailer"
            ],
            "time": "2018-07-31T09:26:32+00:00"
        }
    ],
    "packages-dev": [],
    "aliases": [],
    "minimum-stability": "stable",
    "stability-flags": [],
    "prefer-stable": false,
    "prefer-lowest": false,
    "platform": [],
    "platform-dev": []
}
